
Microsoft Visual Studio Solution File, Format Version 12.00
# Visual Studio Version 16
VisualStudioVersion = 16.0.30621.155
MinimumVisualStudioVersion = 10.0.40219.1
Project("{FAE04EC0-301F-11D3-BF4B-00C04F79EFBC}") = "EISA", "EISA\EISA.csproj", "{03C16617-DC1E-43FA-92A8-112747D8E7F0}"
EndProject
Global
	GlobalSection(SolutionConfigurationPlatforms) = preSolution
		Debug|Any CPU = Debug|Any CPU
		Debug|x64 = Debug|x64
		Release|Any CPU = Release|Any CPU
		Release|x64 = Release|x64
	EndGlobalSection
	GlobalSection(ProjectConfigurationPlatforms) = postSolution
		{03C16617-DC1E-43FA-92A8-112747D8E7F0}.Debug|Any CPU.ActiveCfg = Debug|Any CPU
		{03C16617-DC1E-43FA-92A8-112747D8E7F0}.Debug|Any CPU.Build.0 = Debug|Any CPU
		{03C16617-DC1E-43FA-92A8-112747D8E7F0}.Debug|x64.ActiveCfg = Debug|x64
		{03C16617-DC1E-43FA-92A8-112747D8E7F0}.Debug|x64.Build.0 = Debug|x64
		{03C16617-DC1E-43FA-92A8-112747D8E7F0}.Release|Any CPU.ActiveCfg = Release|Any CPU
		{03C16617-DC1E-43FA-92A8-112747D8E7F0}.Release|Any CPU.Build.0 = Release|Any CPU
		{03C16617-DC1E-43FA-92A8-112747D8E7F0}.Release|x64.ActiveCfg = Release|x64
		{03C16617-DC1E-43FA-92A8-112747D8E7F0}.Release|x64.Build.0 = Release|x64
	EndGlobalSection
	GlobalSection(SolutionProperties) = preSolution
		HideSolutionNode = FALSE
	EndGlobalSection
	GlobalSection(ExtensibilityGlobals) = postSolution
		SolutionGuid = {4743F02B-56FC-47F2-90E2-0CBA63F4C8B3}
	EndGlobalSection
EndGlobal
